
Microsoft Visual Studio Solution File, Format Version 12.00
# Visual Studio 2013
VisualStudioVersion = 12.0.30501.0
MinimumVisualStudioVersion = 10.0.40219.1
Project("{FAE04EC0-301F-11D3-BF4B-00C04F79EFBC}") = "01_SimpleTypeBinding", "SimpleTypeBinding\01_SimpleTypeBinding.csproj", "{23A3643C-930E-4347-AE81-F57AD8A5EEA5}"
EndProject
Project("{FAE04EC0-301F-11D3-BF4B-00C04F79EFBC}") = "02_ComplexTypeBinding", "ComplexTypeBinding\02_ComplexTypeBinding.csproj", "{EC54A659-D470-4379-A10D-BBA10FBA5289}"
EndProject
Project("{FAE04EC0-301F-11D3-BF4B-00C04F79EFBC}") = "03_BindingWithPrefix", "BindingWithPrefix\03_BindingWithPrefix.csproj", "{B2703B0B-E3E5-4091-A567-FE81426B0B32}"
EndProject
Project("{FAE04EC0-301F-11D3-BF4B-00C04F79EFBC}") = "04_ArrayBinding", "ArrayBinding\04_ArrayBinding.csproj", "{CDAD3622-B38E-47EE-B7A4-99EDEB057C72}"
EndProject
Project("{FAE04EC0-301F-11D3-BF4B-00C04F79EFBC}") = "05_ManualBinding", "ManualBinding\05_ManualBinding.csproj", "{B924C795-98E4-4578-B4EE-3CB150C667EF}"
EndProject
Project("{FAE04EC0-301F-11D3-BF4B-00C04F79EFBC}") = "06_FileUpload", "FileUpload\06_FileUpload.csproj", "{9EDFA379-6C87-47B3-BD8B-C0DED01FBFDC}"
EndProject
Global
	GlobalSection(SolutionConfigurationPlatforms) = preSolution
		Debug|Any CPU = Debug|Any CPU
		Release|Any CPU = Release|Any CPU
	EndGlobalSection
	GlobalSection(ProjectConfigurationPlatforms) = postSolution
		{23A3643C-930E-4347-AE81-F57AD8A5EEA5}.Debug|Any CPU.ActiveCfg = Debug|Any CPU
		{23A3643C-930E-4347-AE81-F57AD8A5EEA5}.Debug|Any CPU.Build.0 = Debug|Any CPU
		{23A3643C-930E-4347-AE81-F57AD8A5EEA5}.Release|Any CPU.ActiveCfg = Release|Any CPU
		{23A3643C-930E-4347-AE81-F57AD8A5EEA5}.Release|Any CPU.Build.0 = Release|Any CPU
		{EC54A659-D470-4379-A10D-BBA10FBA5289}.Debug|Any CPU.ActiveCfg = Debug|Any CPU
		{EC54A659-D470-4379-A10D-BBA10FBA5289}.Debug|Any CPU.Build.0 = Debug|Any CPU
		{EC54A659-D470-4379-A10D-BBA10FBA5289}.Release|Any CPU.ActiveCfg = Release|Any CPU
		{EC54A659-D470-4379-A10D-BBA10FBA5289}.Release|Any CPU.Build.0 = Release|Any CPU
		{B2703B0B-E3E5-4091-A567-FE81426B0B32}.Debug|Any CPU.ActiveCfg = Debug|Any CPU
		{B2703B0B-E3E5-4091-A567-FE81426B0B32}.Debug|Any CPU.Build.0 = Debug|Any CPU
		{B2703B0B-E3E5-4091-A567-FE81426B0B32}.Release|Any CPU.ActiveCfg = Release|Any CPU
		{B2703B0B-E3E5-4091-A567-FE81426B0B32}.Release|Any CPU.Build.0 = Release|Any CPU
		{CDAD3622-B38E-47EE-B7A4-99EDEB057C72}.Debug|Any CPU.ActiveCfg = Debug|Any CPU
		{CDAD3622-B38E-47EE-B7A4-99EDEB057C72}.Debug|Any CPU.Build.0 = Debug|Any CPU
		{CDAD3622-B38E-47EE-B7A4-99EDEB057C72}.Release|Any CPU.ActiveCfg = Release|Any CPU
		{CDAD3622-B38E-47EE-B7A4-99EDEB057C72}.Release|Any CPU.Build.0 = Release|Any CPU
		{B924C795-98E4-4578-B4EE-3CB150C667EF}.Debug|Any CPU.ActiveCfg = Debug|Any CPU
		{B924C795-98E4-4578-B4EE-3CB150C667EF}.Debug|Any CPU.Build.0 = Debug|Any CPU
		{B924C795-98E4-4578-B4EE-3CB150C667EF}.Release|Any CPU.ActiveCfg = Release|Any CPU
		{B924C795-98E4-4578-B4EE-3CB150C667EF}.Release|Any CPU.Build.0 = Release|Any CPU
		{9EDFA379-6C87-47B3-BD8B-C0DED01FBFDC}.Debug|Any CPU.ActiveCfg = Debug|Any CPU
		{9EDFA379-6C87-47B3-BD8B-C0DED01FBFDC}.Debug|Any CPU.Build.0 = Debug|Any CPU
		{9EDFA379-6C87-47B3-BD8B-C0DED01FBFDC}.Release|Any CPU.ActiveCfg = Release|Any CPU
		{9EDFA379-6C87-47B3-BD8B-C0DED01FBFDC}.Release|Any CPU.Build.0 = Release|Any CPU
	EndGlobalSection
	GlobalSection(SolutionProperties) = preSolution
		HideSolutionNode = FALSE
	EndGlobalSection
EndGlobal
